
Microsoft Visual Studio Solution File, Format Version 12.00
# Visual Studio 2013
VisualStudioVersion = 12.0.21005.1
MinimumVisualStudioVersion = 10.0.40219.1
Project("{FAE04EC0-301F-11D3-BF4B-00C04F79EFBC}") = "AccidentTracker", "AccidentTracker\AccidentTracker.csproj", "{2EACAA2B-31DD-418B-A873-3E4380BD03F4}"
EndProject
Project("{FAE04EC0-301F-11D3-BF4B-00C04F79EFBC}") = "ReportTrackerNotification", "ReportTrackerNotification\ReportTrackerNotification.csproj", "{61C98522-393D-422F-92B4-6E8C2E92384C}"
EndProject
Project("{FAE04EC0-301F-11D3-BF4B-00C04F79EFBC}") = "DAL", "DAL\DAL.csproj", "{CD0C4D58-0BD5-49FE-845E-35F3F7062EED}"
EndProject
Project("{00D1A9C2-B5F0-4AF3-8072-F6C62B433612}") = "Database", "Database\Database.sqlproj", "{CE948FAD-E937-4F80-9CA6-E3D9F8E6A53B}"
EndProject
Global
	GlobalSection(TeamFoundationVersionControl) = preSolution
		SccNumberOfProjects = 5
		SccEnterpriseProvider = {4CA58AB2-18FA-4F8D-95D4-32DDF27D184C}
		SccTeamFoundationServer = https://akashaggarwal.visualstudio.com/
		SccLocalPath0 = .
		SccProjectUniqueName1 = AccidentTracker\\AccidentTracker.csproj
		SccProjectName1 = AccidentTracker
		SccLocalPath1 = AccidentTracker
		SccProjectUniqueName2 = DAL\\DAL.csproj
		SccProjectName2 = DAL
		SccLocalPath2 = DAL
		SccProjectUniqueName3 = ReportTrackerNotification\\ReportTrackerNotification.csproj
		SccProjectName3 = ReportTrackerNotification
		SccLocalPath3 = ReportTrackerNotification
		SccProjectUniqueName4 = Database\\Database.sqlproj
		SccProjectName4 = Database
		SccLocalPath4 = Database
	EndGlobalSection
	GlobalSection(SolutionConfigurationPlatforms) = preSolution
		Debug|Any CPU = Debug|Any CPU
		Release|Any CPU = Release|Any CPU
	EndGlobalSection
	GlobalSection(ProjectConfigurationPlatforms) = postSolution
		{2EACAA2B-31DD-418B-A873-3E4380BD03F4}.Debug|Any CPU.ActiveCfg = Debug|Any CPU
		{2EACAA2B-31DD-418B-A873-3E4380BD03F4}.Debug|Any CPU.Build.0 = Debug|Any CPU
		{2EACAA2B-31DD-418B-A873-3E4380BD03F4}.Release|Any CPU.ActiveCfg = Release|Any CPU
		{2EACAA2B-31DD-418B-A873-3E4380BD03F4}.Release|Any CPU.Build.0 = Release|Any CPU
		{61C98522-393D-422F-92B4-6E8C2E92384C}.Debug|Any CPU.ActiveCfg = Debug|Any CPU
		{61C98522-393D-422F-92B4-6E8C2E92384C}.Debug|Any CPU.Build.0 = Debug|Any CPU
		{61C98522-393D-422F-92B4-6E8C2E92384C}.Release|Any CPU.ActiveCfg = Release|Any CPU
		{61C98522-393D-422F-92B4-6E8C2E92384C}.Release|Any CPU.Build.0 = Release|Any CPU
		{CD0C4D58-0BD5-49FE-845E-35F3F7062EED}.Debug|Any CPU.ActiveCfg = Debug|Any CPU
		{CD0C4D58-0BD5-49FE-845E-35F3F7062EED}.Debug|Any CPU.Build.0 = Debug|Any CPU
		{CD0C4D58-0BD5-49FE-845E-35F3F7062EED}.Release|Any CPU.ActiveCfg = Release|Any CPU
		{CD0C4D58-0BD5-49FE-845E-35F3F7062EED}.Release|Any CPU.Build.0 = Release|Any CPU
		{CE948FAD-E937-4F80-9CA6-E3D9F8E6A53B}.Debug|Any CPU.ActiveCfg = Debug|Any CPU
		{CE948FAD-E937-4F80-9CA6-E3D9F8E6A53B}.Debug|Any CPU.Build.0 = Debug|Any CPU
		{CE948FAD-E937-4F80-9CA6-E3D9F8E6A53B}.Debug|Any CPU.Deploy.0 = Debug|Any CPU
		{CE948FAD-E937-4F80-9CA6-E3D9F8E6A53B}.Release|Any CPU.ActiveCfg = Release|Any CPU
		{CE948FAD-E937-4F80-9CA6-E3D9F8E6A53B}.Release|Any CPU.Build.0 = Release|Any CPU
		{CE948FAD-E937-4F80-9CA6-E3D9F8E6A53B}.Release|Any CPU.Deploy.0 = Release|Any CPU
	EndGlobalSection
	GlobalSection(SolutionProperties) = preSolution
		HideSolutionNode = FALSE
	EndGlobalSection
EndGlobal
